
Microsoft Visual Studio Solution File, Format Version 12.00
# Visual Studio Version 16
VisualStudioVersion = 16.0.31911.196
MinimumVisualStudioVersion = 10.0.40219.1
Project("{FAE04EC0-301F-11D3-BF4B-00C04F79EFBC}") = "QueryableProject", "QueryableProject\QueryableProject.csproj", "{69067F4F-CB05-4F35-B997-18EA4D942147}"
EndProject
Global
	GlobalSection(SolutionConfigurationPlatforms) = preSolution
		Debug|Any CPU = Debug|Any CPU
		Release|Any CPU = Release|Any CPU
	EndGlobalSection
	GlobalSection(ProjectConfigurationPlatforms) = postSolution
		{69067F4F-CB05-4F35-B997-18EA4D942147}.Debug|Any CPU.ActiveCfg = Debug|Any CPU
		{69067F4F-CB05-4F35-B997-18EA4D942147}.Debug|Any CPU.Build.0 = Debug|Any CPU
		{69067F4F-CB05-4F35-B997-18EA4D942147}.Release|Any CPU.ActiveCfg = Release|Any CPU
		{69067F4F-CB05-4F35-B997-18EA4D942147}.Release|Any CPU.Build.0 = Release|Any CPU
	EndGlobalSection
	GlobalSection(SolutionProperties) = preSolution
		HideSolutionNode = FALSE
	EndGlobalSection
	GlobalSection(ExtensibilityGlobals) = postSolution
		SolutionGuid = {BAA44772-3DA1-4CDC-B14F-27F997B363D2}
	EndGlobalSection
EndGlobal
